
Microsoft Visual Studio Solution File, Format Version 12.00
# Visual Studio Version 16
VisualStudioVersion = 16.0.29613.14
MinimumVisualStudioVersion = 15.0.26124.0
Project("{9A19103F-16F7-4668-BE54-9A1E7A4F7556}") = "GB28181.Logger4Net", "GB28181.Logger4Net\GB28181.Logger4Net.csproj", "{BCF4602E-348C-46A2-960C-02496F28C950}"
EndProject
Project("{9A19103F-16F7-4668-BE54-9A1E7A4F7556}") = "GB28181.SIPSorcery", "GB28181.SIPSorcery\GB28181.SIPSorcery.csproj", "{42050B07-B393-4292-A89F-7ECE14989E0F}"
EndProject
Project("{9A19103F-16F7-4668-BE54-9A1E7A4F7556}") = "GB28181.Server", "GB28181.Server\GB28181.Server.csproj", "{A10D6BA9-C42F-4B3A-BBFB-D820FB1597EF}"
EndProject
Project("{9A19103F-16F7-4668-BE54-9A1E7A4F7556}") = "GB28181.Common", "GB28181.Common\GB28181.Common.csproj", "{F811C098-019E-4E37-9474-9F1B362AEE2F}"
EndProject
Project("{9A19103F-16F7-4668-BE54-9A1E7A4F7556}") = "SIPSorcery", "sipsorcery\SIPSorcery.csproj", "{7C45D01D-AB1C-4D72-A6D0-BBEA23E37066}"
EndProject
Project("{2150E333-8FDC-42A3-9474-1A3956D46DE8}") = "Solution Items", "Solution Items", "{E35E8920-AA2F-4E3B-BB09-21455B58A2D2}"
	ProjectSection(SolutionItems) = preProject
		.dockerignore = .dockerignore
		.gitignore = .gitignore
		CHANGELOG.md = CHANGELOG.md
		Dockerfile = Dockerfile
		Dockerfile.dev = Dockerfile.dev
		.github\workflows\dotnetcore.yml = .github\workflows\dotnetcore.yml
		gb28181.xml = gb28181.xml
		LICENSE = LICENSE
		README.md = README.md
	EndProjectSection
EndProject
Project("{9A19103F-16F7-4668-BE54-9A1E7A4F7556}") = "Win.GB28181.Client", "Win.GB28181.Client\Win.GB28181.Client.csproj", "{762752C8-BDE6-4ABF-B56B-4F1B925B25D1}"
EndProject
Project("{9A19103F-16F7-4668-BE54-9A1E7A4F7556}") = "StreamingKit", "StreamingKit\StreamingKit.csproj", "{235457A8-9EE9-4512-943A-C346D0E4DD5D}"
EndProject
Global
	GlobalSection(SolutionConfigurationPlatforms) = preSolution
		Debug|Any CPU = Debug|Any CPU
		Debug|Mixed Platforms = Debug|Mixed Platforms
		Debug|x64 = Debug|x64
		Debug|x86 = Debug|x86
		Release|Any CPU = Release|Any CPU
		Release|Mixed Platforms = Release|Mixed Platforms
		Release|x64 = Release|x64
		Release|x86 = Release|x86
	EndGlobalSection
	GlobalSection(ProjectConfigurationPlatforms) = postSolution
		{BCF4602E-348C-46A2-960C-02496F28C950}.Debug|Any CPU.ActiveCfg = Debug|Any CPU
		{BCF4602E-348C-46A2-960C-02496F28C950}.Debug|Any CPU.Build.0 = Debug|Any CPU
		{BCF4602E-348C-46A2-960C-02496F28C950}.Debug|Mixed Platforms.ActiveCfg = Debug|Any CPU
		{BCF4602E-348C-46A2-960C-02496F28C950}.Debug|Mixed Platforms.Build.0 = Debug|Any CPU
		{BCF4602E-348C-46A2-960C-02496F28C950}.Debug|x64.ActiveCfg = Debug|Any CPU
		{BCF4602E-348C-46A2-960C-02496F28C950}.Debug|x64.Build.0 = Debug|Any CPU
		{BCF4602E-348C-46A2-960C-02496F28C950}.Debug|x86.ActiveCfg = Debug|Any CPU
		{BCF4602E-348C-46A2-960C-02496F28C950}.Debug|x86.Build.0 = Debug|Any CPU
		{BCF4602E-348C-46A2-960C-02496F28C950}.Release|Any CPU.ActiveCfg = Release|Any CPU
		{BCF4602E-348C-46A2-960C-02496F28C950}.Release|Any CPU.Build.0 = Release|Any CPU
		{BCF4602E-348C-46A2-960C-02496F28C950}.Release|Mixed Platforms.ActiveCfg = Release|Any CPU
		{BCF4602E-348C-46A2-960C-02496F28C950}.Release|Mixed Platforms.Build.0 = Release|Any CPU
		{BCF4602E-348C-46A2-960C-02496F28C950}.Release|x64.ActiveCfg = Release|Any CPU
		{BCF4602E-348C-46A2-960C-02496F28C950}.Release|x64.Build.0 = Release|Any CPU
		{BCF4602E-348C-46A2-960C-02496F28C950}.Release|x86.ActiveCfg = Release|Any CPU
		{BCF4602E-348C-46A2-960C-02496F28C950}.Release|x86.Build.0 = Release|Any CPU
		{42050B07-B393-4292-A89F-7ECE14989E0F}.Debug|Any CPU.ActiveCfg = Debug|Any CPU
		{42050B07-B393-4292-A89F-7ECE14989E0F}.Debug|Any CPU.Build.0 = Debug|Any CPU
		{42050B07-B393-4292-A89F-7ECE14989E0F}.Debug|Mixed Platforms.ActiveCfg = Debug|Any CPU
		{42050B07-B393-4292-A89F-7ECE14989E0F}.Debug|Mixed Platforms.Build.0 = Debug|Any CPU
		{42050B07-B393-4292-A89F-7ECE14989E0F}.Debug|x64.ActiveCfg = Debug|Any CPU
		{42050B07-B393-4292-A89F-7ECE14989E0F}.Debug|x64.Build.0 = Debug|Any CPU
		{42050B07-B393-4292-A89F-7ECE14989E0F}.Debug|x86.ActiveCfg = Debug|Any CPU
		{42050B07-B393-4292-A89F-7ECE14989E0F}.Debug|x86.Build.0 = Debug|Any CPU
		{42050B07-B393-4292-A89F-7ECE14989E0F}.Release|Any CPU.ActiveCfg = Release|Any CPU
		{42050B07-B393-4292-A89F-7ECE14989E0F}.Release|Any CPU.Build.0 = Release|Any CPU
		{42050B07-B393-4292-A89F-7ECE14989E0F}.Release|Mixed Platforms.ActiveCfg = Release|Any CPU
		{42050B07-B393-4292-A89F-7ECE14989E0F}.Release|Mixed Platforms.Build.0 = Release|Any CPU
		{42050B07-B393-4292-A89F-7ECE14989E0F}.Release|x64.ActiveCfg = Release|Any CPU
		{42050B07-B393-4292-A89F-7ECE14989E0F}.Release|x64.Build.0 = Release|Any CPU
		{42050B07-B393-4292-A89F-7ECE14989E0F}.Release|x86.ActiveCfg = Release|Any CPU
		{42050B07-B393-4292-A89F-7ECE14989E0F}.Release|x86.Build.0 = Release|Any CPU
		{A10D6BA9-C42F-4B3A-BBFB-D820FB1597EF}.Debug|Any CPU.ActiveCfg = Debug|Any CPU
		{A10D6BA9-C42F-4B3A-BBFB-D820FB1597EF}.Debug|Any CPU.Build.0 = Debug|Any CPU
		{A10D6BA9-C42F-4B3A-BBFB-D820FB1597EF}.Debug|Mixed Platforms.ActiveCfg = Debug|Any CPU
		{A10D6BA9-C42F-4B3A-BBFB-D820FB1597EF}.Debug|Mixed Platforms.Build.0 = Debug|Any CPU
		{A10D6BA9-C42F-4B3A-BBFB-D820FB1597EF}.Debug|x64.ActiveCfg = Debug|Any CPU
		{A10D6BA9-C42F-4B3A-BBFB-D820FB1597EF}.Debug|x64.Build.0 = Debug|Any CPU
		{A10D6BA9-C42F-4B3A-BBFB-D820FB1597EF}.Debug|x86.ActiveCfg = Debug|Any CPU
		{A10D6BA9-C42F-4B3A-BBFB-D820FB1597EF}.Debug|x86.Build.0 = Debug|Any CPU
		{A10D6BA9-C42F-4B3A-BBFB-D820FB1597EF}.Release|Any CPU.ActiveCfg = Release|Any CPU
		{A10D6BA9-C42F-4B3A-BBFB-D820FB1597EF}.Release|Any CPU.Build.0 = Release|Any CPU
		{A10D6BA9-C42F-4B3A-BBFB-D820FB1597EF}.Release|Mixed Platforms.ActiveCfg = Release|Any CPU
		{A10D6BA9-C42F-4B3A-BBFB-D820FB1597EF}.Release|Mixed Platforms.Build.0 = Release|Any CPU
		{A10D6BA9-C42F-4B3A-BBFB-D820FB1597EF}.Release|x64.ActiveCfg = Release|Any CPU
		{A10D6BA9-C42F-4B3A-BBFB-D820FB1597EF}.Release|x64.Build.0 = Release|Any CPU
		{A10D6BA9-C42F-4B3A-BBFB-D820FB1597EF}.Release|x86.ActiveCfg = Release|Any CPU
		{A10D6BA9-C42F-4B3A-BBFB-D820FB1597EF}.Release|x86.Build.0 = Release|Any CPU
		{F811C098-019E-4E37-9474-9F1B362AEE2F}.Debug|Any CPU.ActiveCfg = Debug|Any CPU
		{F811C098-019E-4E37-9474-9F1B362AEE2F}.Debug|Any CPU.Build.0 = Debug|Any CPU
		{F811C098-019E-4E37-9474-9F1B362AEE2F}.Debug|Mixed Platforms.ActiveCfg = Debug|Any CPU
		{F811C098-019E-4E37-9474-9F1B362AEE2F}.Debug|Mixed Platforms.Build.0 = Debug|Any CPU
		{F811C098-019E-4E37-9474-9F1B362AEE2F}.Debug|x64.ActiveCfg = Debug|Any CPU
		{F811C098-019E-4E37-9474-9F1B362AEE2F}.Debug|x64.Build.0 = Debug|Any CPU
		{F811C098-019E-4E37-9474-9F1B362AEE2F}.Debug|x86.ActiveCfg = Debug|Any CPU
		{F811C098-019E-4E37-9474-9F1B362AEE2F}.Debug|x86.Build.0 = Debug|Any CPU
		{F811C098-019E-4E37-9474-9F1B362AEE2F}.Release|Any CPU.ActiveCfg = Release|Any CPU
		{F811C098-019E-4E37-9474-9F1B362AEE2F}.Release|Any CPU.Build.0 = Release|Any CPU
		{F811C098-019E-4E37-9474-9F1B362AEE2F}.Release|Mixed Platforms.ActiveCfg = Release|Any CPU
		{F811C098-019E-4E37-9474-9F1B362AEE2F}.Release|Mixed Platforms.Build.0 = Release|Any CPU
		{F811C098-019E-4E37-9474-9F1B362AEE2F}.Release|x64.ActiveCfg = Release|Any CPU
		{F811C098-019E-4E37-9474-9F1B362AEE2F}.Release|x64.Build.0 = Release|Any CPU
		{F811C098-019E-4E37-9474-9F1B362AEE2F}.Release|x86.ActiveCfg = Release|Any CPU
		{F811C098-019E-4E37-9474-9F1B362AEE2F}.Release|x86.Build.0 = Release|Any CPU
		{7C45D01D-AB1C-4D72-A6D0-BBEA23E37066}.Debug|Any CPU.ActiveCfg = Debug|Any CPU
		{7C45D01D-AB1C-4D72-A6D0-BBEA23E37066}.Debug|Any CPU.Build.0 = Debug|Any CPU
		{7C45D01D-AB1C-4D72-A6D0-BBEA23E37066}.Debug|Mixed Platforms.ActiveCfg = Debug|Any CPU
		{7C45D01D-AB1C-4D72-A6D0-BBEA23E37066}.Debug|Mixed Platforms.Build.0 = Debug|Any CPU
		{7C45D01D-AB1C-4D72-A6D0-BBEA23E37066}.Debug|x64.ActiveCfg = Debug|Any CPU
		{7C45D01D-AB1C-4D72-A6D0-BBEA23E37066}.Debug|x64.Build.0 = Debug|Any CPU
		{7C45D01D-AB1C-4D72-A6D0-BBEA23E37066}.Debug|x86.ActiveCfg = Debug|Any CPU
		{7C45D01D-AB1C-4D72-A6D0-BBEA23E37066}.Debug|x86.Build.0 = Debug|Any CPU
		{7C45D01D-AB1C-4D72-A6D0-BBEA23E37066}.Release|Any CPU.ActiveCfg = Release|Any CPU
		{7C45D01D-AB1C-4D72-A6D0-BBEA23E37066}.Release|Any CPU.Build.0 = Release|Any CPU
		{7C45D01D-AB1C-4D72-A6D0-BBEA23E37066}.Release|Mixed Platforms.ActiveCfg = Release|Any CPU
		{7C45D01D-AB1C-4D72-A6D0-BBEA23E37066}.Release|Mixed Platforms.Build.0 = Release|Any CPU
		{7C45D01D-AB1C-4D72-A6D0-BBEA23E37066}.Release|x64.ActiveCfg = Release|Any CPU
		{7C45D01D-AB1C-4D72-A6D0-BBEA23E37066}.Release|x64.Build.0 = Release|Any CPU
		{7C45D01D-AB1C-4D72-A6D0-BBEA23E37066}.Release|x86.ActiveCfg = Release|Any CPU
		{7C45D01D-AB1C-4D72-A6D0-BBEA23E37066}.Release|x86.Build.0 = Release|Any CPU
		{762752C8-BDE6-4ABF-B56B-4F1B925B25D1}.Debug|Any CPU.ActiveCfg = Debug|Any CPU
		{762752C8-BDE6-4ABF-B56B-4F1B925B25D1}.Debug|Any CPU.Build.0 = Debug|Any CPU
		{762752C8-BDE6-4ABF-B56B-4F1B925B25D1}.Debug|Mixed Platforms.ActiveCfg = Debug|Any CPU
		{762752C8-BDE6-4ABF-B56B-4F1B925B25D1}.Debug|Mixed Platforms.Build.0 = Debug|Any CPU
		{762752C8-BDE6-4ABF-B56B-4F1B925B25D1}.Debug|x64.ActiveCfg = Debug|Any CPU
		{762752C8-BDE6-4ABF-B56B-4F1B925B25D1}.Debug|x64.Build.0 = Debug|Any CPU
		{762752C8-BDE6-4ABF-B56B-4F1B925B25D1}.Debug|x86.ActiveCfg = Debug|Any CPU
		{762752C8-BDE6-4ABF-B56B-4F1B925B25D1}.Debug|x86.Build.0 = Debug|Any CPU
		{762752C8-BDE6-4ABF-B56B-4F1B925B25D1}.Release|Any CPU.ActiveCfg = Release|Any CPU
		{762752C8-BDE6-4ABF-B56B-4F1B925B25D1}.Release|Any CPU.Build.0 = Release|Any CPU
		{762752C8-BDE6-4ABF-B56B-4F1B925B25D1}.Release|Mixed Platforms.ActiveCfg = Release|Any CPU
		{762752C8-BDE6-4ABF-B56B-4F1B925B25D1}.Release|Mixed Platforms.Build.0 = Release|Any CPU
		{762752C8-BDE6-4ABF-B56B-4F1B925B25D1}.Release|x64.ActiveCfg = Release|Any CPU
		{762752C8-BDE6-4ABF-B56B-4F1B925B25D1}.Release|x64.Build.0 = Release|Any CPU
		{762752C8-BDE6-4ABF-B56B-4F1B925B25D1}.Release|x86.ActiveCfg = Release|Any CPU
		{762752C8-BDE6-4ABF-B56B-4F1B925B25D1}.Release|x86.Build.0 = Release|Any CPU
		{235457A8-9EE9-4512-943A-C346D0E4DD5D}.Debug|Any CPU.ActiveCfg = Debug|Any CPU
		{235457A8-9EE9-4512-943A-C346D0E4DD5D}.Debug|Any CPU.Build.0 = Debug|Any CPU
		{235457A8-9EE9-4512-943A-C346D0E4DD5D}.Debug|Mixed Platforms.ActiveCfg = Debug|Any CPU
		{235457A8-9EE9-4512-943A-C346D0E4DD5D}.Debug|Mixed Platforms.Build.0 = Debug|Any CPU
		{235457A8-9EE9-4512-943A-C346D0E4DD5D}.Debug|x64.ActiveCfg = Debug|Any CPU
		{235457A8-9EE9-4512-943A-C346D0E4DD5D}.Debug|x64.Build.0 = Debug|Any CPU
		{235457A8-9EE9-4512-943A-C346D0E4DD5D}.Debug|x86.ActiveCfg = Debug|Any CPU
		{235457A8-9EE9-4512-943A-C346D0E4DD5D}.Debug|x86.Build.0 = Debug|Any CPU
		{235457A8-9EE9-4512-943A-C346D0E4DD5D}.Release|Any CPU.ActiveCfg = Release|Any CPU
		{235457A8-9EE9-4512-943A-C346D0E4DD5D}.Release|Any CPU.Build.0 = Release|Any CPU
		{235457A8-9EE9-4512-943A-C346D0E4DD5D}.Release|Mixed Platforms.ActiveCfg = Release|Any CPU
		{235457A8-9EE9-4512-943A-C346D0E4DD5D}.Release|Mixed Platforms.Build.0 = Release|Any CPU
		{235457A8-9EE9-4512-943A-C346D0E4DD5D}.Release|x64.ActiveCfg = Release|Any CPU
		{235457A8-9EE9-4512-943A-C346D0E4DD5D}.Release|x64.Build.0 = Release|Any CPU
		{235457A8-9EE9-4512-943A-C346D0E4DD5D}.Release|x86.ActiveCfg = Release|Any CPU
		{235457A8-9EE9-4512-943A-C346D0E4DD5D}.Release|x86.Build.0 = Release|Any CPU
	EndGlobalSection
	GlobalSection(SolutionProperties) = preSolution
		HideSolutionNode = FALSE
	EndGlobalSection
	GlobalSection(ExtensibilityGlobals) = postSolution
		SolutionGuid = {7260E210-1C97-432B-A1FB-EC434B600A9F}
	EndGlobalSection
EndGlobal
