
Microsoft Visual Studio Solution File, Format Version 12.00
# Visual Studio Version 16
VisualStudioVersion = 16.0.29613.14
MinimumVisualStudioVersion = 15.0.26124.0
Project("{9A19103F-16F7-4668-BE54-9A1E7A4F7556}") = "GB28181.SIPSorcery", "GB28181.SIPSorcery\GB28181.SIPSorcery.csproj", "{42050B07-B393-4292-A89F-7ECE14989E0F}"
EndProject
Project("{9A19103F-16F7-4668-BE54-9A1E7A4F7556}") = "GB28181.Server", "GB28181.Server\GB28181.Server.csproj", "{A10D6BA9-C42F-4B3A-BBFB-D820FB1597EF}"
EndProject
Project("{2150E333-8FDC-42A3-9474-1A3956D46DE8}") = "Solution Items", "Solution Items", "{E35E8920-AA2F-4E3B-BB09-21455B58A2D2}"
	ProjectSection(SolutionItems) = preProject
		.dockerignore = .dockerignore
		.gitignore = .gitignore
		CHANGELOG.md = CHANGELOG.md
		Dockerfile = Dockerfile
		Dockerfile.dev = Dockerfile.dev
		.github\workflows\dotnetcore.yml = .github\workflows\dotnetcore.yml
		LICENSE = LICENSE
		README.md = README.md
		SolutionModules.md = SolutionModules.md
		GB28181.Server\Webapi2Grpc.md = GB28181.Server\Webapi2Grpc.md
	EndProjectSection
EndProject
Project("{9A19103F-16F7-4668-BE54-9A1E7A4F7556}") = "StreamingKit", "StreamingKit\StreamingKit.csproj", "{235457A8-9EE9-4512-943A-C346D0E4DD5D}"
EndProject
Project("{9A19103F-16F7-4668-BE54-9A1E7A4F7556}") = "Logger4Net", "Logger4Net\Logger4Net.csproj", "{BCBA423D-9297-4F4F-87BB-FA2F136D1417}"
EndProject
Project("{9A19103F-16F7-4668-BE54-9A1E7A4F7556}") = "Common", "Common\Common.csproj", "{40EEE954-6AAD-4FA5-B87F-180DE2B06DF4}"
EndProject
Project("{9A19103F-16F7-4668-BE54-9A1E7A4F7556}") = "GB28181.WinTool", "GB28181.WinTool\GB28181.WinTool.csproj", "{FA44F0AF-F0A0-4442-868E-378627504161}"
EndProject
Project("{9A19103F-16F7-4668-BE54-9A1E7A4F7556}") = "Testing", "Testing\Testing.csproj", "{8FB617A6-C3FB-4751-9639-0CA47BF0ACA8}"
EndProject
Project("{9A19103F-16F7-4668-BE54-9A1E7A4F7556}") = "SIPSorcery.UnitTests", "sipsorcery\test\SIPSorcery.UnitTests.csproj", "{74B09950-0B8E-4D29-80DB-3F4A246BED82}"
EndProject
Project("{2150E333-8FDC-42A3-9474-1A3956D46DE8}") = "GrpcHttpApi", "GrpcHttpApi", "{311E5E57-D515-4DCA-8DBF-B571C4C421DC}"
EndProject
Project("{9A19103F-16F7-4668-BE54-9A1E7A4F7556}") = "Microsoft.AspNetCore.Grpc.HttpApi", "GrpcHttpApi\Microsoft.AspNetCore.Grpc.HttpApi\Microsoft.AspNetCore.Grpc.HttpApi.csproj", "{85045B98-C670-4F4D-B496-EA342FF521DD}"
EndProject
Project("{9A19103F-16F7-4668-BE54-9A1E7A4F7556}") = "Microsoft.AspNetCore.Grpc.Swagger", "GrpcHttpApi\Microsoft.AspNetCore.Grpc.Swagger\Microsoft.AspNetCore.Grpc.Swagger.csproj", "{0CB3EEDE-B2A1-47B8-8FAC-31A246F9FCF5}"
EndProject
Project("{9A19103F-16F7-4668-BE54-9A1E7A4F7556}") = "SIPSorcery", "sipsorcery\src\SIPSorcery.csproj", "{E3628C0F-2111-410F-B337-D0900AFCA0A3}"
EndProject
Global
	GlobalSection(SolutionConfigurationPlatforms) = preSolution
		Debug|Any CPU = Debug|Any CPU
		Debug|Mixed Platforms = Debug|Mixed Platforms
		Debug|x64 = Debug|x64
		Debug|x86 = Debug|x86
		Release|Any CPU = Release|Any CPU
		Release|Mixed Platforms = Release|Mixed Platforms
		Release|x64 = Release|x64
		Release|x86 = Release|x86
	EndGlobalSection
	GlobalSection(ProjectConfigurationPlatforms) = postSolution
		{42050B07-B393-4292-A89F-7ECE14989E0F}.Debug|Any CPU.ActiveCfg = Debug|Any CPU
		{42050B07-B393-4292-A89F-7ECE14989E0F}.Debug|Any CPU.Build.0 = Debug|Any CPU
		{42050B07-B393-4292-A89F-7ECE14989E0F}.Debug|Mixed Platforms.ActiveCfg = Debug|Any CPU
		{42050B07-B393-4292-A89F-7ECE14989E0F}.Debug|Mixed Platforms.Build.0 = Debug|Any CPU
		{42050B07-B393-4292-A89F-7ECE14989E0F}.Debug|x64.ActiveCfg = Debug|Any CPU
		{42050B07-B393-4292-A89F-7ECE14989E0F}.Debug|x64.Build.0 = Debug|Any CPU
		{42050B07-B393-4292-A89F-7ECE14989E0F}.Debug|x86.ActiveCfg = Debug|Any CPU
		{42050B07-B393-4292-A89F-7ECE14989E0F}.Debug|x86.Build.0 = Debug|Any CPU
		{42050B07-B393-4292-A89F-7ECE14989E0F}.Release|Any CPU.ActiveCfg = Release|Any CPU
		{42050B07-B393-4292-A89F-7ECE14989E0F}.Release|Any CPU.Build.0 = Release|Any CPU
		{42050B07-B393-4292-A89F-7ECE14989E0F}.Release|Mixed Platforms.ActiveCfg = Release|Any CPU
		{42050B07-B393-4292-A89F-7ECE14989E0F}.Release|Mixed Platforms.Build.0 = Release|Any CPU
		{42050B07-B393-4292-A89F-7ECE14989E0F}.Release|x64.ActiveCfg = Release|Any CPU
		{42050B07-B393-4292-A89F-7ECE14989E0F}.Release|x64.Build.0 = Release|Any CPU
		{42050B07-B393-4292-A89F-7ECE14989E0F}.Release|x86.ActiveCfg = Release|Any CPU
		{42050B07-B393-4292-A89F-7ECE14989E0F}.Release|x86.Build.0 = Release|Any CPU
		{A10D6BA9-C42F-4B3A-BBFB-D820FB1597EF}.Debug|Any CPU.ActiveCfg = Debug|Any CPU
		{A10D6BA9-C42F-4B3A-BBFB-D820FB1597EF}.Debug|Any CPU.Build.0 = Debug|Any CPU
		{A10D6BA9-C42F-4B3A-BBFB-D820FB1597EF}.Debug|Mixed Platforms.ActiveCfg = Debug|Any CPU
		{A10D6BA9-C42F-4B3A-BBFB-D820FB1597EF}.Debug|Mixed Platforms.Build.0 = Debug|Any CPU
		{A10D6BA9-C42F-4B3A-BBFB-D820FB1597EF}.Debug|x64.ActiveCfg = Debug|Any CPU
		{A10D6BA9-C42F-4B3A-BBFB-D820FB1597EF}.Debug|x64.Build.0 = Debug|Any CPU
		{A10D6BA9-C42F-4B3A-BBFB-D820FB1597EF}.Debug|x86.ActiveCfg = Debug|Any CPU
		{A10D6BA9-C42F-4B3A-BBFB-D820FB1597EF}.Debug|x86.Build.0 = Debug|Any CPU
		{A10D6BA9-C42F-4B3A-BBFB-D820FB1597EF}.Release|Any CPU.ActiveCfg = Release|Any CPU
		{A10D6BA9-C42F-4B3A-BBFB-D820FB1597EF}.Release|Any CPU.Build.0 = Release|Any CPU
		{A10D6BA9-C42F-4B3A-BBFB-D820FB1597EF}.Release|Mixed Platforms.ActiveCfg = Release|Any CPU
		{A10D6BA9-C42F-4B3A-BBFB-D820FB1597EF}.Release|Mixed Platforms.Build.0 = Release|Any CPU
		{A10D6BA9-C42F-4B3A-BBFB-D820FB1597EF}.Release|x64.ActiveCfg = Release|Any CPU
		{A10D6BA9-C42F-4B3A-BBFB-D820FB1597EF}.Release|x64.Build.0 = Release|Any CPU
		{A10D6BA9-C42F-4B3A-BBFB-D820FB1597EF}.Release|x86.ActiveCfg = Release|Any CPU
		{A10D6BA9-C42F-4B3A-BBFB-D820FB1597EF}.Release|x86.Build.0 = Release|Any CPU
		{235457A8-9EE9-4512-943A-C346D0E4DD5D}.Debug|Any CPU.ActiveCfg = Debug|Any CPU
		{235457A8-9EE9-4512-943A-C346D0E4DD5D}.Debug|Any CPU.Build.0 = Debug|Any CPU
		{235457A8-9EE9-4512-943A-C346D0E4DD5D}.Debug|Mixed Platforms.ActiveCfg = Debug|Any CPU
		{235457A8-9EE9-4512-943A-C346D0E4DD5D}.Debug|Mixed Platforms.Build.0 = Debug|Any CPU
		{235457A8-9EE9-4512-943A-C346D0E4DD5D}.Debug|x64.ActiveCfg = Debug|Any CPU
		{235457A8-9EE9-4512-943A-C346D0E4DD5D}.Debug|x64.Build.0 = Debug|Any CPU
		{235457A8-9EE9-4512-943A-C346D0E4DD5D}.Debug|x86.ActiveCfg = Debug|Any CPU
		{235457A8-9EE9-4512-943A-C346D0E4DD5D}.Debug|x86.Build.0 = Debug|Any CPU
		{235457A8-9EE9-4512-943A-C346D0E4DD5D}.Release|Any CPU.ActiveCfg = Release|Any CPU
		{235457A8-9EE9-4512-943A-C346D0E4DD5D}.Release|Any CPU.Build.0 = Release|Any CPU
		{235457A8-9EE9-4512-943A-C346D0E4DD5D}.Release|Mixed Platforms.ActiveCfg = Release|Any CPU
		{235457A8-9EE9-4512-943A-C346D0E4DD5D}.Release|Mixed Platforms.Build.0 = Release|Any CPU
		{235457A8-9EE9-4512-943A-C346D0E4DD5D}.Release|x64.ActiveCfg = Release|Any CPU
		{235457A8-9EE9-4512-943A-C346D0E4DD5D}.Release|x64.Build.0 = Release|Any CPU
		{235457A8-9EE9-4512-943A-C346D0E4DD5D}.Release|x86.ActiveCfg = Release|Any CPU
		{235457A8-9EE9-4512-943A-C346D0E4DD5D}.Release|x86.Build.0 = Release|Any CPU
		{BCBA423D-9297-4F4F-87BB-FA2F136D1417}.Debug|Any CPU.ActiveCfg = Debug|Any CPU
		{BCBA423D-9297-4F4F-87BB-FA2F136D1417}.Debug|Any CPU.Build.0 = Debug|Any CPU
		{BCBA423D-9297-4F4F-87BB-FA2F136D1417}.Debug|Mixed Platforms.ActiveCfg = Debug|Any CPU
		{BCBA423D-9297-4F4F-87BB-FA2F136D1417}.Debug|Mixed Platforms.Build.0 = Debug|Any CPU
		{BCBA423D-9297-4F4F-87BB-FA2F136D1417}.Debug|x64.ActiveCfg = Debug|Any CPU
		{BCBA423D-9297-4F4F-87BB-FA2F136D1417}.Debug|x64.Build.0 = Debug|Any CPU
		{BCBA423D-9297-4F4F-87BB-FA2F136D1417}.Debug|x86.ActiveCfg = Debug|Any CPU
		{BCBA423D-9297-4F4F-87BB-FA2F136D1417}.Debug|x86.Build.0 = Debug|Any CPU
		{BCBA423D-9297-4F4F-87BB-FA2F136D1417}.Release|Any CPU.ActiveCfg = Release|Any CPU
		{BCBA423D-9297-4F4F-87BB-FA2F136D1417}.Release|Any CPU.Build.0 = Release|Any CPU
		{BCBA423D-9297-4F4F-87BB-FA2F136D1417}.Release|Mixed Platforms.ActiveCfg = Release|Any CPU
		{BCBA423D-9297-4F4F-87BB-FA2F136D1417}.Release|Mixed Platforms.Build.0 = Release|Any CPU
		{BCBA423D-9297-4F4F-87BB-FA2F136D1417}.Release|x64.ActiveCfg = Release|Any CPU
		{BCBA423D-9297-4F4F-87BB-FA2F136D1417}.Release|x64.Build.0 = Release|Any CPU
		{BCBA423D-9297-4F4F-87BB-FA2F136D1417}.Release|x86.ActiveCfg = Release|Any CPU
		{BCBA423D-9297-4F4F-87BB-FA2F136D1417}.Release|x86.Build.0 = Release|Any CPU
		{40EEE954-6AAD-4FA5-B87F-180DE2B06DF4}.Debug|Any CPU.ActiveCfg = Debug|Any CPU
		{40EEE954-6AAD-4FA5-B87F-180DE2B06DF4}.Debug|Any CPU.Build.0 = Debug|Any CPU
		{40EEE954-6AAD-4FA5-B87F-180DE2B06DF4}.Debug|Mixed Platforms.ActiveCfg = Debug|Any CPU
		{40EEE954-6AAD-4FA5-B87F-180DE2B06DF4}.Debug|Mixed Platforms.Build.0 = Debug|Any CPU
		{40EEE954-6AAD-4FA5-B87F-180DE2B06DF4}.Debug|x64.ActiveCfg = Debug|Any CPU
		{40EEE954-6AAD-4FA5-B87F-180DE2B06DF4}.Debug|x64.Build.0 = Debug|Any CPU
		{40EEE954-6AAD-4FA5-B87F-180DE2B06DF4}.Debug|x86.ActiveCfg = Debug|Any CPU
		{40EEE954-6AAD-4FA5-B87F-180DE2B06DF4}.Debug|x86.Build.0 = Debug|Any CPU
		{40EEE954-6AAD-4FA5-B87F-180DE2B06DF4}.Release|Any CPU.ActiveCfg = Release|Any CPU
		{40EEE954-6AAD-4FA5-B87F-180DE2B06DF4}.Release|Any CPU.Build.0 = Release|Any CPU
		{40EEE954-6AAD-4FA5-B87F-180DE2B06DF4}.Release|Mixed Platforms.ActiveCfg = Release|Any CPU
		{40EEE954-6AAD-4FA5-B87F-180DE2B06DF4}.Release|Mixed Platforms.Build.0 = Release|Any CPU
		{40EEE954-6AAD-4FA5-B87F-180DE2B06DF4}.Release|x64.ActiveCfg = Release|Any CPU
		{40EEE954-6AAD-4FA5-B87F-180DE2B06DF4}.Release|x64.Build.0 = Release|Any CPU
		{40EEE954-6AAD-4FA5-B87F-180DE2B06DF4}.Release|x86.ActiveCfg = Release|Any CPU
		{40EEE954-6AAD-4FA5-B87F-180DE2B06DF4}.Release|x86.Build.0 = Release|Any CPU
		{FA44F0AF-F0A0-4442-868E-378627504161}.Debug|Any CPU.ActiveCfg = Debug|Any CPU
		{FA44F0AF-F0A0-4442-868E-378627504161}.Debug|Any CPU.Build.0 = Debug|Any CPU
		{FA44F0AF-F0A0-4442-868E-378627504161}.Debug|Mixed Platforms.ActiveCfg = Debug|Any CPU
		{FA44F0AF-F0A0-4442-868E-378627504161}.Debug|Mixed Platforms.Build.0 = Debug|Any CPU
		{FA44F0AF-F0A0-4442-868E-378627504161}.Debug|x64.ActiveCfg = Debug|Any CPU
		{FA44F0AF-F0A0-4442-868E-378627504161}.Debug|x64.Build.0 = Debug|Any CPU
		{FA44F0AF-F0A0-4442-868E-378627504161}.Debug|x86.ActiveCfg = Debug|Any CPU
		{FA44F0AF-F0A0-4442-868E-378627504161}.Debug|x86.Build.0 = Debug|Any CPU
		{FA44F0AF-F0A0-4442-868E-378627504161}.Release|Any CPU.ActiveCfg = Release|Any CPU
		{FA44F0AF-F0A0-4442-868E-378627504161}.Release|Any CPU.Build.0 = Release|Any CPU
		{FA44F0AF-F0A0-4442-868E-378627504161}.Release|Mixed Platforms.ActiveCfg = Release|Any CPU
		{FA44F0AF-F0A0-4442-868E-378627504161}.Release|Mixed Platforms.Build.0 = Release|Any CPU
		{FA44F0AF-F0A0-4442-868E-378627504161}.Release|x64.ActiveCfg = Release|Any CPU
		{FA44F0AF-F0A0-4442-868E-378627504161}.Release|x64.Build.0 = Release|Any CPU
		{FA44F0AF-F0A0-4442-868E-378627504161}.Release|x86.ActiveCfg = Release|Any CPU
		{FA44F0AF-F0A0-4442-868E-378627504161}.Release|x86.Build.0 = Release|Any CPU
		{8FB617A6-C3FB-4751-9639-0CA47BF0ACA8}.Debug|Any CPU.ActiveCfg = Debug|Any CPU
		{8FB617A6-C3FB-4751-9639-0CA47BF0ACA8}.Debug|Any CPU.Build.0 = Debug|Any CPU
		{8FB617A6-C3FB-4751-9639-0CA47BF0ACA8}.Debug|Mixed Platforms.ActiveCfg = Debug|Any CPU
		{8FB617A6-C3FB-4751-9639-0CA47BF0ACA8}.Debug|Mixed Platforms.Build.0 = Debug|Any CPU
		{8FB617A6-C3FB-4751-9639-0CA47BF0ACA8}.Debug|x64.ActiveCfg = Debug|Any CPU
		{8FB617A6-C3FB-4751-9639-0CA47BF0ACA8}.Debug|x64.Build.0 = Debug|Any CPU
		{8FB617A6-C3FB-4751-9639-0CA47BF0ACA8}.Debug|x86.ActiveCfg = Debug|Any CPU
		{8FB617A6-C3FB-4751-9639-0CA47BF0ACA8}.Debug|x86.Build.0 = Debug|Any CPU
		{8FB617A6-C3FB-4751-9639-0CA47BF0ACA8}.Release|Any CPU.ActiveCfg = Release|Any CPU
		{8FB617A6-C3FB-4751-9639-0CA47BF0ACA8}.Release|Any CPU.Build.0 = Release|Any CPU
		{8FB617A6-C3FB-4751-9639-0CA47BF0ACA8}.Release|Mixed Platforms.ActiveCfg = Release|Any CPU
		{8FB617A6-C3FB-4751-9639-0CA47BF0ACA8}.Release|Mixed Platforms.Build.0 = Release|Any CPU
		{8FB617A6-C3FB-4751-9639-0CA47BF0ACA8}.Release|x64.ActiveCfg = Release|Any CPU
		{8FB617A6-C3FB-4751-9639-0CA47BF0ACA8}.Release|x64.Build.0 = Release|Any CPU
		{8FB617A6-C3FB-4751-9639-0CA47BF0ACA8}.Release|x86.ActiveCfg = Release|Any CPU
		{8FB617A6-C3FB-4751-9639-0CA47BF0ACA8}.Release|x86.Build.0 = Release|Any CPU
		{74B09950-0B8E-4D29-80DB-3F4A246BED82}.Debug|Any CPU.ActiveCfg = Debug|Any CPU
		{74B09950-0B8E-4D29-80DB-3F4A246BED82}.Debug|Any CPU.Build.0 = Debug|Any CPU
		{74B09950-0B8E-4D29-80DB-3F4A246BED82}.Debug|Mixed Platforms.ActiveCfg = Debug|Any CPU
		{74B09950-0B8E-4D29-80DB-3F4A246BED82}.Debug|Mixed Platforms.Build.0 = Debug|Any CPU
		{74B09950-0B8E-4D29-80DB-3F4A246BED82}.Debug|x64.ActiveCfg = Debug|Any CPU
		{74B09950-0B8E-4D29-80DB-3F4A246BED82}.Debug|x64.Build.0 = Debug|Any CPU
		{74B09950-0B8E-4D29-80DB-3F4A246BED82}.Debug|x86.ActiveCfg = Debug|Any CPU
		{74B09950-0B8E-4D29-80DB-3F4A246BED82}.Debug|x86.Build.0 = Debug|Any CPU
		{74B09950-0B8E-4D29-80DB-3F4A246BED82}.Release|Any CPU.ActiveCfg = Release|Any CPU
		{74B09950-0B8E-4D29-80DB-3F4A246BED82}.Release|Any CPU.Build.0 = Release|Any CPU
		{74B09950-0B8E-4D29-80DB-3F4A246BED82}.Release|Mixed Platforms.ActiveCfg = Release|Any CPU
		{74B09950-0B8E-4D29-80DB-3F4A246BED82}.Release|Mixed Platforms.Build.0 = Release|Any CPU
		{74B09950-0B8E-4D29-80DB-3F4A246BED82}.Release|x64.ActiveCfg = Release|Any CPU
		{74B09950-0B8E-4D29-80DB-3F4A246BED82}.Release|x64.Build.0 = Release|Any CPU
		{74B09950-0B8E-4D29-80DB-3F4A246BED82}.Release|x86.ActiveCfg = Release|Any CPU
		{74B09950-0B8E-4D29-80DB-3F4A246BED82}.Release|x86.Build.0 = Release|Any CPU
		{85045B98-C670-4F4D-B496-EA342FF521DD}.Debug|Any CPU.ActiveCfg = Debug|Any CPU
		{85045B98-C670-4F4D-B496-EA342FF521DD}.Debug|Any CPU.Build.0 = Debug|Any CPU
		{85045B98-C670-4F4D-B496-EA342FF521DD}.Debug|Mixed Platforms.ActiveCfg = Debug|Any CPU
		{85045B98-C670-4F4D-B496-EA342FF521DD}.Debug|Mixed Platforms.Build.0 = Debug|Any CPU
		{85045B98-C670-4F4D-B496-EA342FF521DD}.Debug|x64.ActiveCfg = Debug|Any CPU
		{85045B98-C670-4F4D-B496-EA342FF521DD}.Debug|x64.Build.0 = Debug|Any CPU
		{85045B98-C670-4F4D-B496-EA342FF521DD}.Debug|x86.ActiveCfg = Debug|Any CPU
		{85045B98-C670-4F4D-B496-EA342FF521DD}.Debug|x86.Build.0 = Debug|Any CPU
		{85045B98-C670-4F4D-B496-EA342FF521DD}.Release|Any CPU.ActiveCfg = Release|Any CPU
		{85045B98-C670-4F4D-B496-EA342FF521DD}.Release|Any CPU.Build.0 = Release|Any CPU
		{85045B98-C670-4F4D-B496-EA342FF521DD}.Release|Mixed Platforms.ActiveCfg = Release|Any CPU
		{85045B98-C670-4F4D-B496-EA342FF521DD}.Release|Mixed Platforms.Build.0 = Release|Any CPU
		{85045B98-C670-4F4D-B496-EA342FF521DD}.Release|x64.ActiveCfg = Release|Any CPU
		{85045B98-C670-4F4D-B496-EA342FF521DD}.Release|x64.Build.0 = Release|Any CPU
		{85045B98-C670-4F4D-B496-EA342FF521DD}.Release|x86.ActiveCfg = Release|Any CPU
		{85045B98-C670-4F4D-B496-EA342FF521DD}.Release|x86.Build.0 = Release|Any CPU
		{0CB3EEDE-B2A1-47B8-8FAC-31A246F9FCF5}.Debug|Any CPU.ActiveCfg = Debug|Any CPU
		{0CB3EEDE-B2A1-47B8-8FAC-31A246F9FCF5}.Debug|Any CPU.Build.0 = Debug|Any CPU
		{0CB3EEDE-B2A1-47B8-8FAC-31A246F9FCF5}.Debug|Mixed Platforms.ActiveCfg = Debug|Any CPU
		{0CB3EEDE-B2A1-47B8-8FAC-31A246F9FCF5}.Debug|Mixed Platforms.Build.0 = Debug|Any CPU
		{0CB3EEDE-B2A1-47B8-8FAC-31A246F9FCF5}.Debug|x64.ActiveCfg = Debug|Any CPU
		{0CB3EEDE-B2A1-47B8-8FAC-31A246F9FCF5}.Debug|x64.Build.0 = Debug|Any CPU
		{0CB3EEDE-B2A1-47B8-8FAC-31A246F9FCF5}.Debug|x86.ActiveCfg = Debug|Any CPU
		{0CB3EEDE-B2A1-47B8-8FAC-31A246F9FCF5}.Debug|x86.Build.0 = Debug|Any CPU
		{0CB3EEDE-B2A1-47B8-8FAC-31A246F9FCF5}.Release|Any CPU.ActiveCfg = Release|Any CPU
		{0CB3EEDE-B2A1-47B8-8FAC-31A246F9FCF5}.Release|Any CPU.Build.0 = Release|Any CPU
		{0CB3EEDE-B2A1-47B8-8FAC-31A246F9FCF5}.Release|Mixed Platforms.ActiveCfg = Release|Any CPU
		{0CB3EEDE-B2A1-47B8-8FAC-31A246F9FCF5}.Release|Mixed Platforms.Build.0 = Release|Any CPU
		{0CB3EEDE-B2A1-47B8-8FAC-31A246F9FCF5}.Release|x64.ActiveCfg = Release|Any CPU
		{0CB3EEDE-B2A1-47B8-8FAC-31A246F9FCF5}.Release|x64.Build.0 = Release|Any CPU
		{0CB3EEDE-B2A1-47B8-8FAC-31A246F9FCF5}.Release|x86.ActiveCfg = Release|Any CPU
		{0CB3EEDE-B2A1-47B8-8FAC-31A246F9FCF5}.Release|x86.Build.0 = Release|Any CPU
		{E3628C0F-2111-410F-B337-D0900AFCA0A3}.Debug|Any CPU.ActiveCfg = Debug|Any CPU
		{E3628C0F-2111-410F-B337-D0900AFCA0A3}.Debug|Any CPU.Build.0 = Debug|Any CPU
		{E3628C0F-2111-410F-B337-D0900AFCA0A3}.Debug|Mixed Platforms.ActiveCfg = Debug|Any CPU
		{E3628C0F-2111-410F-B337-D0900AFCA0A3}.Debug|Mixed Platforms.Build.0 = Debug|Any CPU
		{E3628C0F-2111-410F-B337-D0900AFCA0A3}.Debug|x64.ActiveCfg = Debug|Any CPU
		{E3628C0F-2111-410F-B337-D0900AFCA0A3}.Debug|x64.Build.0 = Debug|Any CPU
		{E3628C0F-2111-410F-B337-D0900AFCA0A3}.Debug|x86.ActiveCfg = Debug|Any CPU
		{E3628C0F-2111-410F-B337-D0900AFCA0A3}.Debug|x86.Build.0 = Debug|Any CPU
		{E3628C0F-2111-410F-B337-D0900AFCA0A3}.Release|Any CPU.ActiveCfg = Release|Any CPU
		{E3628C0F-2111-410F-B337-D0900AFCA0A3}.Release|Any CPU.Build.0 = Release|Any CPU
		{E3628C0F-2111-410F-B337-D0900AFCA0A3}.Release|Mixed Platforms.ActiveCfg = Release|Any CPU
		{E3628C0F-2111-410F-B337-D0900AFCA0A3}.Release|Mixed Platforms.Build.0 = Release|Any CPU
		{E3628C0F-2111-410F-B337-D0900AFCA0A3}.Release|x64.ActiveCfg = Release|Any CPU
		{E3628C0F-2111-410F-B337-D0900AFCA0A3}.Release|x64.Build.0 = Release|Any CPU
		{E3628C0F-2111-410F-B337-D0900AFCA0A3}.Release|x86.ActiveCfg = Release|Any CPU
		{E3628C0F-2111-410F-B337-D0900AFCA0A3}.Release|x86.Build.0 = Release|Any CPU
	EndGlobalSection
	GlobalSection(SolutionProperties) = preSolution
		HideSolutionNode = FALSE
	EndGlobalSection
	GlobalSection(NestedProjects) = preSolution
		{85045B98-C670-4F4D-B496-EA342FF521DD} = {311E5E57-D515-4DCA-8DBF-B571C4C421DC}
		{0CB3EEDE-B2A1-47B8-8FAC-31A246F9FCF5} = {311E5E57-D515-4DCA-8DBF-B571C4C421DC}
	EndGlobalSection
	GlobalSection(ExtensibilityGlobals) = postSolution
		SolutionGuid = {7260E210-1C97-432B-A1FB-EC434B600A9F}
	EndGlobalSection
EndGlobal
