
Microsoft Visual Studio Solution File, Format Version 12.00
# Visual Studio Version 16
VisualStudioVersion = 16.0.29613.14
MinimumVisualStudioVersion = 10.0.40219.1
Project("{9A19103F-16F7-4668-BE54-9A1E7A4F7556}") = "GB28181.Client", "GB28181.Client\GB28181.Client.csproj", "{3E2F1C35-7354-4F55-ABA4-44CBCE2E18B5}"
EndProject
Project("{9A19103F-16F7-4668-BE54-9A1E7A4F7556}") = "SLW.MeidaNetEngine", "SLW.MeidaNetEngine\SLW.MeidaNetEngine.csproj", "{8332828E-DA9A-4813-9569-9DBA95DF8FF8}"
EndProject
Project("{9A19103F-16F7-4668-BE54-9A1E7A4F7556}") = "SIPSorcery.28181", "SIPSorcery.28181\SIPSorcery.28181.csproj", "{42050B07-B393-4292-A89F-7ECE14989E0F}"
EndProject
Project("{9A19103F-16F7-4668-BE54-9A1E7A4F7556}") = "Logger4Net", "Logger4Net\Logger4Net.csproj", "{5D97861D-8DF0-451B-A47E-754D3FBDCE5D}"
EndProject
Global
	GlobalSection(SolutionConfigurationPlatforms) = preSolution
		Debug|Any CPU = Debug|Any CPU
		Release|Any CPU = Release|Any CPU
	EndGlobalSection
	GlobalSection(ProjectConfigurationPlatforms) = postSolution
		{3E2F1C35-7354-4F55-ABA4-44CBCE2E18B5}.Debug|Any CPU.ActiveCfg = Debug|Any CPU
		{3E2F1C35-7354-4F55-ABA4-44CBCE2E18B5}.Debug|Any CPU.Build.0 = Debug|Any CPU
		{3E2F1C35-7354-4F55-ABA4-44CBCE2E18B5}.Release|Any CPU.ActiveCfg = Release|Any CPU
		{3E2F1C35-7354-4F55-ABA4-44CBCE2E18B5}.Release|Any CPU.Build.0 = Release|Any CPU
		{8332828E-DA9A-4813-9569-9DBA95DF8FF8}.Debug|Any CPU.ActiveCfg = Debug|Any CPU
		{8332828E-DA9A-4813-9569-9DBA95DF8FF8}.Debug|Any CPU.Build.0 = Debug|Any CPU
		{8332828E-DA9A-4813-9569-9DBA95DF8FF8}.Release|Any CPU.ActiveCfg = Release|Any CPU
		{8332828E-DA9A-4813-9569-9DBA95DF8FF8}.Release|Any CPU.Build.0 = Release|Any CPU
		{42050B07-B393-4292-A89F-7ECE14989E0F}.Debug|Any CPU.ActiveCfg = Debug|Any CPU
		{42050B07-B393-4292-A89F-7ECE14989E0F}.Debug|Any CPU.Build.0 = Debug|Any CPU
		{42050B07-B393-4292-A89F-7ECE14989E0F}.Release|Any CPU.ActiveCfg = Release|Any CPU
		{42050B07-B393-4292-A89F-7ECE14989E0F}.Release|Any CPU.Build.0 = Release|Any CPU
		{5D97861D-8DF0-451B-A47E-754D3FBDCE5D}.Debug|Any CPU.ActiveCfg = Debug|Any CPU
		{5D97861D-8DF0-451B-A47E-754D3FBDCE5D}.Debug|Any CPU.Build.0 = Debug|Any CPU
		{5D97861D-8DF0-451B-A47E-754D3FBDCE5D}.Release|Any CPU.ActiveCfg = Release|Any CPU
		{5D97861D-8DF0-451B-A47E-754D3FBDCE5D}.Release|Any CPU.Build.0 = Release|Any CPU
	EndGlobalSection
	GlobalSection(SolutionProperties) = preSolution
		HideSolutionNode = FALSE
	EndGlobalSection
	GlobalSection(ExtensibilityGlobals) = postSolution
		SolutionGuid = {7E878C6E-CFF1-4040-9F7D-12611E69F6D3}
	EndGlobalSection
EndGlobal
